// !$*UTF8*$!
{
	archiveVersion = 1;
	classes = {
	};
	objectVersion = 50;
	objects = {

/* Begin PBXBuildFile section */
		4502A9F82490A83800DE0674 /* AppDelegate.swift in Sources */ = {isa = PBXBuildFile; fileRef = 4502A9F72490A83800DE0674 /* AppDelegate.swift */; };
		4502A9FA2490A83800DE0674 /* SceneDelegate.swift in Sources */ = {isa = PBXBuildFile; fileRef = 4502A9F92490A83800DE0674 /* SceneDelegate.swift */; };
		4502A9FC2490A83800DE0674 /* ContentView.swift in Sources */ = {isa = PBXBuildFile; fileRef = 4502A9FB2490A83800DE0674 /* ContentView.swift */; };
		4502A9FE2490A83A00DE0674 /* Assets.xcassets in Resources */ = {isa = PBXBuildFile; fileRef = 4502A9FD2490A83A00DE0674 /* Assets.xcassets */; };
		4502AA012490A83A00DE0674 /* Preview Assets.xcassets in Resources */ = {isa = PBXBuildFile; fileRef = 4502AA002490A83A00DE0674 /* Preview Assets.xcassets */; };
		4502AA042490A83A00DE0674 /* LaunchScreen.storyboard in Resources */ = {isa = PBXBuildFile; fileRef = 4502AA022490A83A00DE0674 /* LaunchScreen.storyboard */; };
/* End PBXBuildFile section */

/* Begin PBXFileReference section */
		4502A9F42490A83800DE0674 /* Delaunator.app */ = {isa = PBXFileReference; explicitFileType = wrapper.application; includeInIndex = 0; path = Delaunator.app; sourceTree = BUILT_PRODUCTS_DIR; };
		4502A9F72490A83800DE0674 /* AppDelegate.swift */ = {isa = PBXFileReference; lastKnownFileType = sourcecode.swift; path = AppDelegate.swift; sourceTree = "<group>"; };
		4502A9F92490A83800DE0674 /* SceneDelegate.swift */ = {isa = PBXFileReference; lastKnownFileType = sourcecode.swift; path = SceneDelegate.swift; sourceTree = "<group>"; };
		4502A9FB2490A83800DE0674 /* ContentView.swift */ = {isa = PBXFileReference; lastKnownFileType = sourcecode.swift; path = ContentView.swift; sourceTree = "<group>"; };
		4502A9FD2490A83A00DE0674 /* Assets.xcassets */ = {isa = PBXFileReference; lastKnownFileType = folder.assetcatalog; path = Assets.xcassets; sourceTree = "<group>"; };
		4502AA002490A83A00DE0674 /* Preview Assets.xcassets */ = {isa = PBXFileReference; lastKnownFileType = folder.assetcatalog; path = "Preview Assets.xcassets"; sourceTree = "<group>"; };
		4502AA032490A83A00DE0674 /* Base */ = {isa = PBXFileReference; lastKnownFileType = file.storyboard; name = Base; path = Base.lproj/LaunchScreen.storyboard; sourceTree = "<group>"; };
		4502AA052490A83A00DE0674 /* Info.plist */ = {isa = PBXFileReference; lastKnownFileType = text.plist.xml; path = Info.plist; sourceTree = "<group>"; };
/* End PBXFileReference section */

/* Begin PBXFrameworksBuildPhase section */
		4502A9F12490A83800DE0674 /* Frameworks */ = {
			isa = PBXFrameworksBuildPhase;
			buildActionMask = 2147483647;
			files = (
			);
			runOnlyForDeploymentPostprocessing = 0;
		};
/* End PBXFrameworksBuildPhase section */

/* Begin PBXGroup section */
		4502A9EB2490A83800DE0674 = {
			isa = PBXGroup;
			children = (
				4502A9F62490A83800DE0674 /* Delaunator */,
				4502A9F52490A83800DE0674 /* Products */,
			);
			sourceTree = "<group>";
		};
		4502A9F52490A83800DE0674 /* Products */ = {
			isa = PBXGroup;
			children = (
				4502A9F42490A83800DE0674 /* Delaunator.app */,
			);
			name = Products;
			sourceTree = "<group>";
		};
		4502A9F62490A83800DE0674 /* Delaunator */ = {
			isa = PBXGroup;
			children = (
				4502A9F72490A83800DE0674 /* AppDelegate.swift */,
				4502A9F92490A83800DE0674 /* SceneDelegate.swift */,
				4502A9FB2490A83800DE0674 /* ContentView.swift */,
				4502A9FD2490A83A00DE0674 /* Assets.xcassets */,
				4502AA022490A83A00DE0674 /* LaunchScreen.storyboard */,
				4502AA052490A83A00DE0674 /* Info.plist */,
				4502A9FF2490A83A00DE0674 /* Preview Content */,
			);
			path = Delaunator;
			sourceTree = "<group>";
		};
		4502A9FF2490A83A00DE0674 /* Preview Content */ = {
			isa = PBXGroup;
			children = (
				4502AA002490A83A00DE0674 /* Preview Assets.xcassets */,
			);
			path = "Preview Content";
			sourceTree = "<group>";
		};
/* End PBXGroup section */

/* Begin PBXNativeTarget section */
		4502A9F32490A83800DE0674 /* Delaunator */ = {
			isa = PBXNativeTarget;
			buildConfigurationList = 4502AA082490A83A00DE0674 /* Build configuration list for PBXNativeTarget "Delaunator" */;
			buildPhases = (
				4502A9F02490A83800DE0674 /* Sources */,
				4502A9F12490A83800DE0674 /* Frameworks */,
				4502A9F22490A83800DE0674 /* Resources */,
			);
			buildRules = (
			);
			dependencies = (
			);
			name = Delaunator;
			productName = Delaunator;
			productReference = 4502A9F42490A83800DE0674 /* Delaunator.app */;
			productType = "com.apple.product-type.application";
		};
/* End PBXNativeTarget section */

/* Begin PBXProject section */
		4502A9EC2490A83800DE0674 /* Project object */ = {
			isa = PBXProject;
			attributes = {
				LastSwiftUpdateCheck = 1140;
				LastUpgradeCheck = 1140;
				ORGANIZATIONNAME = "Z Cha";
				TargetAttributes = {
					4502A9F32490A83800DE0674 = {
						CreatedOnToolsVersion = 11.4.1;
					};
				};
			};
			buildConfigurationList = 4502A9EF2490A83800DE0674 /* Build configuration list for PBXProject "Delaunator" */;
			compatibilityVersion = "Xcode 9.3";
			developmentRegion = en;
			hasScannedForEncodings = 0;
			knownRegions = (
				en,
				Base,
			);
			mainGroup = 4502A9EB2490A83800DE0674;
			productRefGroup = 4502A9F52490A83800DE0674 /* Products */;
			projectDirPath = "";
			projectRoot = "";
			targets = (
				4502A9F32490A83800DE0674 /* Delaunator */,
			);
		};
/* End PBXProject section */

/* Begin PBXResourcesBuildPhase section */
		4502A9F22490A83800DE0674 /* Resources */ = {
			isa = PBXResourcesBuildPhase;
			buildActionMask = 2147483647;
			files = (
				4502AA042490A83A00DE0674 /* LaunchScreen.storyboard in Resources */,
				4502AA012490A83A00DE0674 /* Preview Assets.xcassets in Resources */,
				4502A9FE2490A83A00DE0674 /* Assets.xcassets in Resources */,
			);
			runOnlyForDeploymentPostprocessing = 0;
		};
/* End PBXResourcesBuildPhase section */

/* Begin PBXSourcesBuildPhase section */
		4502A9F02490A83800DE0674 /* Sources */ = {
			isa = PBXSourcesBuildPhase;
			buildActionMask = 2147483647;
			files = (
				4502A9F82490A83800DE0674 /* AppDelegate.swift in Sources */,
				4502A9FA2490A83800DE0674 /* SceneDelegate.swift in Sources */,
				4502A9FC2490A83800DE0674 /* ContentView.swift in Sources */,
			);
			runOnlyForDeploymentPostprocessing = 0;
		};
/* End PBXSourcesBuildPhase section */

/* Begin PBXVariantGroup section */
		4502AA022490A83A00DE0674 /* LaunchScreen.storyboard */ = {
			isa = PBXVariantGroup;
			children = (
				4502AA032490A83A00DE0674 /* Base */,
			);
			name = LaunchScreen.storyboard;
			sourceTree = "<group>";
		};
/* End PBXVariantGroup section */

/* Begin XCBuildConfiguration section */
		4502AA062490A83A00DE0674 /* Debug */ = {
			isa = XCBuildConfiguration;
			buildSettings = {
				ALWAYS_SEARCH_USER_PATHS = NO;
				CLANG_ANALYZER_NONNULL = YES;
				CLANG_ANALYZER_NUMBER_OBJECT_CONVERSION = YES_AGGRESSIVE;
				CLANG_CXX_LANGUAGE_STANDARD = "gnu++14";
				CLANG_CXX_LIBRARY = "libc++";
				CLANG_ENABLE_MODULES = YES;
				CLANG_ENABLE_OBJC_ARC = YES;
				CLANG_ENABLE_OBJC_WEAK = YES;
				CLANG_WARN_BLOCK_CAPTURE_AUTORELEASING = YES;
				CLANG_WARN_BOOL_CONVERSION = YES;
				CLANG_WARN_COMMA = YES;
				CLANG_WARN_CONSTANT_CONVERSION = YES;
				CLANG_WARN_DEPRECATED_OBJC_IMPLEMENTATIONS = YES;
				CLANG_WARN_DIRECT_OBJC_ISA_USAGE = YES_ERROR;
				CLANG_WARN_DOCUMENTATION_COMMENTS = YES;
				CLANG_WARN_EMPTY_BODY = YES;
				CLANG_WARN_ENUM_CONVERSION = YES;
				CLANG_WARN_INFINITE_RECURSION = YES;
				CLANG_WARN_INT_CONVERSION = YES;
				CLANG_WARN_NON_LITERAL_NULL_CONVERSION = YES;
				CLANG_WARN_OBJC_IMPLICIT_RETAIN_SELF = YES;
				CLANG_WARN_OBJC_LITERAL_CONVERSION = YES;
				CLANG_WARN_OBJC_ROOT_CLASS = YES_ERROR;
				CLANG_WARN_RANGE_LOOP_ANALYSIS = YES;
				CLANG_WARN_STRICT_PROTOTYPES = YES;
				CLANG_WARN_SUSPICIOUS_MOVE = YES;
				CLANG_WARN_UNGUARDED_AVAILABILITY = YES_AGGRESSIVE;
				CLANG_WARN_UNREACHABLE_CODE = YES;
				CLANG_WARN__DUPLICATE_METHOD_MATCH = YES;
				COPY_PHASE_STRIP = NO;
				DEBUG_INFORMATION_FORMAT = dwarf;
				ENABLE_STRICT_OBJC_MSGSEND = YES;
				ENABLE_TESTABILITY = YES;
				GCC_C_LANGUAGE_STANDARD = gnu11;
				GCC_DYNAMIC_NO_PIC = NO;
				GCC_NO_COMMON_BLOCKS = YES;
				GCC_OPTIMIZATION_LEVEL = 0;
				GCC_PREPROCESSOR_DEFINITIONS = (
					"DEBUG=1",
					"$(inherited)",
				);
				GCC_WARN_64_TO_32_BIT_CONVERSION = YES;
				GCC_WARN_ABOUT_RETURN_TYPE = YES_ERROR;
				GCC_WARN_UNDECLARED_SELECTOR = YES;
				GCC_WARN_UNINITIALIZED_AUTOS = YES_AGGRESSIVE;
				GCC_WARN_UNUSED_FUNCTION = YES;
				GCC_WARN_UNUSED_VARIABLE = YES;
				IPHONEOS_DEPLOYMENT_TARGET = 13.4;
				MTL_ENABLE_DEBUG_INFO = INCLUDE_SOURCE;
				MTL_FAST_MATH = YES;
				ONLY_ACTIVE_ARCH = YES;
				SDKROOT = iphoneos;
				SWIFT_ACTIVE_COMPILATION_CONDITIONS = DEBUG;
				SWIFT_OPTIMIZATION_LEVEL = "-Onone";
			};
			name = Debug;
		};
		4502AA072490A83A00DE0674 /* Release */ = {
			isa = XCBuildConfiguration;
			buildSettings = {
				ALWAYS_SEARCH_USER_PATHS = NO;
				CLANG_ANALYZER_NONNULL = YES;
				CLANG_ANALYZER_NUMBER_OBJECT_CONVERSION = YES_AGGRESSIVE;
				CLANG_CXX_LANGUAGE_STANDARD = "gnu++14";
				CLANG_CXX_LIBRARY = "libc++";
				CLANG_ENABLE_MODULES = YES;
				CLANG_ENABLE_OBJC_ARC = YES;
				CLANG_ENABLE_OBJC_WEAK = YES;
				CLANG_WARN_BLOCK_CAPTURE_AUTORELEASING = YES;
				CLANG_WARN_BOOL_CONVERSION = YES;
				CLANG_WARN_COMMA = YES;
				CLANG_WARN_CONSTANT_CONVERSION = YES;
				CLANG_WARN_DEPRECATED_OBJC_IMPLEMENTATIONS = YES;
				CLANG_WARN_DIRECT_OBJC_ISA_USAGE = YES_ERROR;
				CLANG_WARN_DOCUMENTATION_COMMENTS = YES;
				CLANG_WARN_EMPTY_BODY = YES;
				CLANG_WARN_ENUM_CONVERSION = YES;
				CLANG_WARN_INFINITE_RECURSION = YES;
				CLANG_WARN_INT_CONVERSION = YES;
				CLANG_WARN_NON_LITERAL_NULL_CONVERSION = YES;
				CLANG_WARN_OBJC_IMPLICIT_RETAIN_SELF = YES;
				CLANG_WARN_OBJC_LITERAL_CONVERSION = YES;
				CLANG_WARN_OBJC_ROOT_CLASS = YES_ERROR;
				CLANG_WARN_RANGE_LOOP_ANALYSIS = YES;
				CLANG_WARN_STRICT_PROTOTYPES = YES;
				CLANG_WARN_SUSPICIOUS_MOVE = YES;
				CLANG_WARN_UNGUARDED_AVAILABILITY = YES_AGGRESSIVE;
				CLANG_WARN_UNREACHABLE_CODE = YES;
				CLANG_WARN__DUPLICATE_METHOD_MATCH = YES;
				COPY_PHASE_STRIP = NO;
				DEBUG_INFORMATION_FORMAT = "dwarf-with-dsym";
				ENABLE_NS_ASSERTIONS = NO;
				ENABLE_STRICT_OBJC_MSGSEND = YES;
				GCC_C_LANGUAGE_STANDARD = gnu11;
				GCC_NO_COMMON_BLOCKS = YES;
				GCC_WARN_64_TO_32_BIT_CONVERSION = YES;
				GCC_WARN_ABOUT_RETURN_TYPE = YES_ERROR;
				GCC_WARN_UNDECLARED_SELECTOR = YES;
				GCC_WARN_UNINITIALIZED_AUTOS = YES_AGGRESSIVE;
				GCC_WARN_UNUSED_FUNCTION = YES;
				GCC_WARN_UNUSED_VARIABLE = YES;
				IPHONEOS_DEPLOYMENT_TARGET = 13.4;
				MTL_ENABLE_DEBUG_INFO = NO;
				MTL_FAST_MATH = YES;
				SDKROOT = iphoneos;
				SWIFT_COMPILATION_MODE = wholemodule;
				SWIFT_OPTIMIZATION_LEVEL = "-O";
				VALIDATE_PRODUCT = YES;
			};
			name = Release;
		};
		4502AA092490A83A00DE0674 /* Debug */ = {
			isa = XCBuildConfiguration;
			buildSettings = {
				ASSETCATALOG_COMPILER_APPICON_NAME = AppIcon;
				CODE_SIGN_STYLE = Automatic;
				DEVELOPMENT_ASSET_PATHS = "\"Delaunator/Preview Content\"";
				ENABLE_PREVIEWS = YES;
				INFOPLIST_FILE = Delaunator/Info.plist;
				LD_RUNPATH_SEARCH_PATHS = (
					"$(inherited)",
					"@executable_path/Frameworks",
				);
				PRODUCT_BUNDLE_IDENTIFIER = com.whitehurst.Delaunator;
				PRODUCT_NAME = "$(TARGET_NAME)";
				SWIFT_VERSION = 5.0;
				TARGETED_DEVICE_FAMILY = "1,2";
			};
			name = Debug;
		};
		4502AA0A2490A83A00DE0674 /* Release */ = {
			isa = XCBuildConfiguration;
			buildSettings = {
				ASSETCATALOG_COMPILER_APPICON_NAME = AppIcon;
				CODE_SIGN_STYLE = Automatic;
				DEVELOPMENT_ASSET_PATHS = "\"Delaunator/Preview Content\"";
				ENABLE_PREVIEWS = YES;
				INFOPLIST_FILE = Delaunator/Info.plist;
				LD_RUNPATH_SEARCH_PATHS = (
					"$(inherited)",
					"@executable_path/Frameworks",
				);
				PRODUCT_BUNDLE_IDENTIFIER = com.whitehurst.Delaunator;
				PRODUCT_NAME = "$(TARGET_NAME)";
				SWIFT_VERSION = 5.0;
				TARGETED_DEVICE_FAMILY = "1,2";
			};
			name = Release;
		};
/* End XCBuildConfiguration section */

/* Begin XCConfigurationList section */
		4502A9EF2490A83800DE0674 /* Build configuration list for PBXProject "Delaunator" */ = {
			isa = XCConfigurationList;
			buildConfigurations = (
				4502AA062490A83A00DE0674 /* Debug */,
				4502AA072490A83A00DE0674 /* Release */,
			);
			defaultConfigurationIsVisible = 0;
			defaultConfigurationName = Release;
		};
		4502AA082490A83A00DE0674 /* Build configuration list for PBXNativeTarget "Delaunator" */ = {
			isa = XCConfigurationList;
			buildConfigurations = (
				4502AA092490A83A00DE0674 /* Debug */,
				4502AA0A2490A83A00DE0674 /* Release */,
			);
			defaultConfigurationIsVisible = 0;
			defaultConfigurationName = Release;
		};
/* End XCConfigurationList section */
	};
	rootObject = 4502A9EC2490A83800DE0674 /* Project object */;
}
