// !$*UTF8*$!
{
	archiveVersion = 1;
	classes = {
	};
	objectVersion = 50;
	objects = {

/* Begin PBXBuildFile section */
		4502A9F82490A83800DE0674 /* AppDelegate.swift in Sources */ = {isa = PBXBuildFile; fileRef = 4502A9F72490A83800DE0674 /* AppDelegate.swift */; };
		4502A9FA2490A83800DE0674 /* SceneDelegate.swift in Sources */ = {isa = PBXBuildFile; fileRef = 4502A9F92490A83800DE0674 /* SceneDelegate.swift */; };
		4502A9FE2490A83A00DE0674 /* Assets.xcassets in Resources */ = {isa = PBXBuildFile; fileRef = 4502A9FD2490A83A00DE0674 /* Assets.xcassets */; };
		4502AA012490A83A00DE0674 /* Preview Assets.xcassets in Resources */ = {isa = PBXBuildFile; fileRef = 4502AA002490A83A00DE0674 /* Preview Assets.xcassets */; };
		4502AA042490A83A00DE0674 /* LaunchScreen.storyboard in Resources */ = {isa = PBXBuildFile; fileRef = 4502AA022490A83A00DE0674 /* LaunchScreen.storyboard */; };
		4502AA102490A8F100DE0674 /* Data.swift in Sources */ = {isa = PBXBuildFile; fileRef = 4502AA0C2490A8F000DE0674 /* Data.swift */; };
		4502AA122490A8F100DE0674 /* Delaunator.swift in Sources */ = {isa = PBXBuildFile; fileRef = 4502AA0E2490A8F100DE0674 /* Delaunator.swift */; };
		4502AA132490A8F100DE0674 /* Zone.swift in Sources */ = {isa = PBXBuildFile; fileRef = 4502AA0F2490A8F100DE0674 /* Zone.swift */; };
		4502AA1C2490A91500DE0674 /* ShowEdges.swift in Sources */ = {isa = PBXBuildFile; fileRef = 4502AA142490A91400DE0674 /* ShowEdges.swift */; };
		4502AA1E2490A91500DE0674 /* UserData.swift in Sources */ = {isa = PBXBuildFile; fileRef = 4502AA162490A91400DE0674 /* UserData.swift */; };
		4502AA1F2490A91500DE0674 /* ZoneRow.swift in Sources */ = {isa = PBXBuildFile; fileRef = 4502AA172490A91400DE0674 /* ZoneRow.swift */; };
		4502AA202490A91500DE0674 /* ShowVoronoi.swift in Sources */ = {isa = PBXBuildFile; fileRef = 4502AA182490A91400DE0674 /* ShowVoronoi.swift */; };
		4502AA212490A91500DE0674 /* CircleImage.swift in Sources */ = {isa = PBXBuildFile; fileRef = 4502AA192490A91500DE0674 /* CircleImage.swift */; };
		4502AA222490A91500DE0674 /* ZoneDetail.swift in Sources */ = {isa = PBXBuildFile; fileRef = 4502AA1A2490A91500DE0674 /* ZoneDetail.swift */; };
		4502AA232490A91500DE0674 /* ZoneList.swift in Sources */ = {isa = PBXBuildFile; fileRef = 4502AA1B2490A91500DE0674 /* ZoneList.swift */; };
		4502AA2C2490A95900DE0674 /* ukraine.jpg in Resources */ = {isa = PBXBuildFile; fileRef = 4502AA262490A95900DE0674 /* ukraine.jpg */; };
		4502AA2E2490A95900DE0674 /* zoneData.json in Resources */ = {isa = PBXBuildFile; fileRef = 4502AA282490A95900DE0674 /* zoneData.json */; };
		4502AA2F2490A95900DE0674 /* triangleData.json in Resources */ = {isa = PBXBuildFile; fileRef = 4502AA292490A95900DE0674 /* triangleData.json */; };
		4502AA412490AF5300DE0674 /* issue13.jpg in Resources */ = {isa = PBXBuildFile; fileRef = 4502AA3C2490AF5200DE0674 /* issue13.jpg */; };
		4502AA422490AF5300DE0674 /* issue43.jpg in Resources */ = {isa = PBXBuildFile; fileRef = 4502AA3D2490AF5200DE0674 /* issue43.jpg */; };
		4502AA432490AF5300DE0674 /* defaultDelaunay.jpg in Resources */ = {isa = PBXBuildFile; fileRef = 4502AA3E2490AF5200DE0674 /* defaultDelaunay.jpg */; };
		4502AA442490AF5300DE0674 /* issue11.jpg in Resources */ = {isa = PBXBuildFile; fileRef = 4502AA3F2490AF5300DE0674 /* issue11.jpg */; };
		4502AA452490AF5300DE0674 /* issue24.jpg in Resources */ = {isa = PBXBuildFile; fileRef = 4502AA402490AF5300DE0674 /* issue24.jpg */; };
		4502AA492492180700DE0674 /* LICENSE in Resources */ = {isa = PBXBuildFile; fileRef = 4502AA462492180700DE0674 /* LICENSE */; };
		4502AA4A2492180700DE0674 /* README.md in Resources */ = {isa = PBXBuildFile; fileRef = 4502AA472492180700DE0674 /* README.md */; };
		4502AA4F249218B600DE0674 /* Ukraine_Voronoi.png in Resources */ = {isa = PBXBuildFile; fileRef = 4502AA4D249218B600DE0674 /* Ukraine_Voronoi.png */; };
		4502AA50249218B600DE0674 /* Ukraine_Delaunay.png in Resources */ = {isa = PBXBuildFile; fileRef = 4502AA4E249218B600DE0674 /* Ukraine_Delaunay.png */; };
/* End PBXBuildFile section */

/* Begin PBXFileReference section */
		4502A9F42490A83800DE0674 /* Delaunator.app */ = {isa = PBXFileReference; explicitFileType = wrapper.application; includeInIndex = 0; path = Delaunator.app; sourceTree = BUILT_PRODUCTS_DIR; };
		4502A9F72490A83800DE0674 /* AppDelegate.swift */ = {isa = PBXFileReference; lastKnownFileType = sourcecode.swift; path = AppDelegate.swift; sourceTree = "<group>"; };
		4502A9F92490A83800DE0674 /* SceneDelegate.swift */ = {isa = PBXFileReference; lastKnownFileType = sourcecode.swift; path = SceneDelegate.swift; sourceTree = "<group>"; };
		4502A9FD2490A83A00DE0674 /* Assets.xcassets */ = {isa = PBXFileReference; lastKnownFileType = folder.assetcatalog; path = Assets.xcassets; sourceTree = "<group>"; };
		4502AA002490A83A00DE0674 /* Preview Assets.xcassets */ = {isa = PBXFileReference; lastKnownFileType = folder.assetcatalog; path = "Preview Assets.xcassets"; sourceTree = "<group>"; };
		4502AA032490A83A00DE0674 /* Base */ = {isa = PBXFileReference; lastKnownFileType = file.storyboard; name = Base; path = Base.lproj/LaunchScreen.storyboard; sourceTree = "<group>"; };
		4502AA052490A83A00DE0674 /* Info.plist */ = {isa = PBXFileReference; lastKnownFileType = text.plist.xml; path = Info.plist; sourceTree = "<group>"; };
		4502AA0C2490A8F000DE0674 /* Data.swift */ = {isa = PBXFileReference; fileEncoding = 4; lastKnownFileType = sourcecode.swift; path = Data.swift; sourceTree = "<group>"; };
		4502AA0E2490A8F100DE0674 /* Delaunator.swift */ = {isa = PBXFileReference; fileEncoding = 4; lastKnownFileType = sourcecode.swift; path = Delaunator.swift; sourceTree = "<group>"; };
		4502AA0F2490A8F100DE0674 /* Zone.swift */ = {isa = PBXFileReference; fileEncoding = 4; lastKnownFileType = sourcecode.swift; path = Zone.swift; sourceTree = "<group>"; };
		4502AA142490A91400DE0674 /* ShowEdges.swift */ = {isa = PBXFileReference; fileEncoding = 4; lastKnownFileType = sourcecode.swift; path = ShowEdges.swift; sourceTree = "<group>"; };
		4502AA162490A91400DE0674 /* UserData.swift */ = {isa = PBXFileReference; fileEncoding = 4; lastKnownFileType = sourcecode.swift; path = UserData.swift; sourceTree = "<group>"; };
		4502AA172490A91400DE0674 /* ZoneRow.swift */ = {isa = PBXFileReference; fileEncoding = 4; lastKnownFileType = sourcecode.swift; path = ZoneRow.swift; sourceTree = "<group>"; };
		4502AA182490A91400DE0674 /* ShowVoronoi.swift */ = {isa = PBXFileReference; fileEncoding = 4; lastKnownFileType = sourcecode.swift; path = ShowVoronoi.swift; sourceTree = "<group>"; };
		4502AA192490A91500DE0674 /* CircleImage.swift */ = {isa = PBXFileReference; fileEncoding = 4; lastKnownFileType = sourcecode.swift; path = CircleImage.swift; sourceTree = "<group>"; };
		4502AA1A2490A91500DE0674 /* ZoneDetail.swift */ = {isa = PBXFileReference; fileEncoding = 4; lastKnownFileType = sourcecode.swift; path = ZoneDetail.swift; sourceTree = "<group>"; };
		4502AA1B2490A91500DE0674 /* ZoneList.swift */ = {isa = PBXFileReference; fileEncoding = 4; lastKnownFileType = sourcecode.swift; path = ZoneList.swift; sourceTree = "<group>"; };
		4502AA262490A95900DE0674 /* ukraine.jpg */ = {isa = PBXFileReference; lastKnownFileType = image.jpeg; path = ukraine.jpg; sourceTree = "<group>"; };
		4502AA282490A95900DE0674 /* zoneData.json */ = {isa = PBXFileReference; fileEncoding = 4; lastKnownFileType = text.json; path = zoneData.json; sourceTree = "<group>"; };
		4502AA292490A95900DE0674 /* triangleData.json */ = {isa = PBXFileReference; fileEncoding = 4; lastKnownFileType = text.json; path = triangleData.json; sourceTree = "<group>"; };
		4502AA312490A9B800DE0674 /* Delaunator.entitlements */ = {isa = PBXFileReference; lastKnownFileType = text.plist.entitlements; path = Delaunator.entitlements; sourceTree = "<group>"; };
		4502AA3C2490AF5200DE0674 /* issue13.jpg */ = {isa = PBXFileReference; lastKnownFileType = image.jpeg; path = issue13.jpg; sourceTree = "<group>"; };
		4502AA3D2490AF5200DE0674 /* issue43.jpg */ = {isa = PBXFileReference; lastKnownFileType = image.jpeg; path = issue43.jpg; sourceTree = "<group>"; };
		4502AA3E2490AF5200DE0674 /* defaultDelaunay.jpg */ = {isa = PBXFileReference; lastKnownFileType = image.jpeg; path = defaultDelaunay.jpg; sourceTree = "<group>"; };
		4502AA3F2490AF5300DE0674 /* issue11.jpg */ = {isa = PBXFileReference; lastKnownFileType = image.jpeg; path = issue11.jpg; sourceTree = "<group>"; };
		4502AA402490AF5300DE0674 /* issue24.jpg */ = {isa = PBXFileReference; lastKnownFileType = image.jpeg; path = issue24.jpg; sourceTree = "<group>"; };
		4502AA462492180700DE0674 /* LICENSE */ = {isa = PBXFileReference; fileEncoding = 4; lastKnownFileType = text; path = LICENSE; sourceTree = SOURCE_ROOT; };
		4502AA472492180700DE0674 /* README.md */ = {isa = PBXFileReference; fileEncoding = 4; lastKnownFileType = net.daringfireball.markdown; path = README.md; sourceTree = SOURCE_ROOT; };
		4502AA4D249218B600DE0674 /* Ukraine_Voronoi.png */ = {isa = PBXFileReference; lastKnownFileType = image.png; path = Ukraine_Voronoi.png; sourceTree = "<group>"; };
		4502AA4E249218B600DE0674 /* Ukraine_Delaunay.png */ = {isa = PBXFileReference; lastKnownFileType = image.png; path = Ukraine_Delaunay.png; sourceTree = "<group>"; };
/* End PBXFileReference section */

/* Begin PBXFrameworksBuildPhase section */
		4502A9F12490A83800DE0674 /* Frameworks */ = {
			isa = PBXFrameworksBuildPhase;
			buildActionMask = 2147483647;
			files = (
			);
			runOnlyForDeploymentPostprocessing = 0;
		};
/* End PBXFrameworksBuildPhase section */

/* Begin PBXGroup section */
		4502A9EB2490A83800DE0674 = {
			isa = PBXGroup;
			children = (
				4502AA4C249218A700DE0674 /* Images */,
				4502A9F62490A83800DE0674 /* Delaunator */,
				4502A9F52490A83800DE0674 /* Products */,
				4502AA462492180700DE0674 /* LICENSE */,
				4502AA472492180700DE0674 /* README.md */,
			);
			sourceTree = "<group>";
		};
		4502A9F52490A83800DE0674 /* Products */ = {
			isa = PBXGroup;
			children = (
				4502A9F42490A83800DE0674 /* Delaunator.app */,
			);
			name = Products;
			sourceTree = "<group>";
		};
		4502A9F62490A83800DE0674 /* Delaunator */ = {
			isa = PBXGroup;
			children = (
				4502AA312490A9B800DE0674 /* Delaunator.entitlements */,
				4502AA242490A94600DE0674 /* Resources */,
				4502AA0B2490A87900DE0674 /* Delaunator Code */,
				4502A9F72490A83800DE0674 /* AppDelegate.swift */,
				4502A9F92490A83800DE0674 /* SceneDelegate.swift */,
				4502A9FD2490A83A00DE0674 /* Assets.xcassets */,
				4502AA192490A91500DE0674 /* CircleImage.swift */,
				4502AA022490A83A00DE0674 /* LaunchScreen.storyboard */,
				4502AA142490A91400DE0674 /* ShowEdges.swift */,
				4502AA182490A91400DE0674 /* ShowVoronoi.swift */,
				4502AA162490A91400DE0674 /* UserData.swift */,
				4502AA0C2490A8F000DE0674 /* Data.swift */,
				4502AA1A2490A91500DE0674 /* ZoneDetail.swift */,
				4502AA1B2490A91500DE0674 /* ZoneList.swift */,
				4502AA172490A91400DE0674 /* ZoneRow.swift */,
				4502AA052490A83A00DE0674 /* Info.plist */,
				4502A9FF2490A83A00DE0674 /* Preview Content */,
			);
			path = Delaunator;
			sourceTree = "<group>";
		};
		4502A9FF2490A83A00DE0674 /* Preview Content */ = {
			isa = PBXGroup;
			children = (
				4502AA002490A83A00DE0674 /* Preview Assets.xcassets */,
			);
			path = "Preview Content";
			sourceTree = "<group>";
		};
		4502AA0B2490A87900DE0674 /* Delaunator Code */ = {
			isa = PBXGroup;
			children = (
				4502AA0E2490A8F100DE0674 /* Delaunator.swift */,
				4502AA0F2490A8F100DE0674 /* Zone.swift */,
			);
			path = "Delaunator Code";
			sourceTree = "<group>";
		};
		4502AA242490A94600DE0674 /* Resources */ = {
			isa = PBXGroup;
			children = (
				4502AA3F2490AF5300DE0674 /* issue11.jpg */,
				4502AA402490AF5300DE0674 /* issue24.jpg */,
				4502AA3D2490AF5200DE0674 /* issue43.jpg */,
				4502AA3C2490AF5200DE0674 /* issue13.jpg */,
				4502AA3E2490AF5200DE0674 /* defaultDelaunay.jpg */,
				4502AA262490A95900DE0674 /* ukraine.jpg */,
				4502AA292490A95900DE0674 /* triangleData.json */,
				4502AA282490A95900DE0674 /* zoneData.json */,
			);
			path = Resources;
			sourceTree = "<group>";
		};
		4502AA4C249218A700DE0674 /* Images */ = {
			isa = PBXGroup;
			children = (
				4502AA4E249218B600DE0674 /* Ukraine_Delaunay.png */,
				4502AA4D249218B600DE0674 /* Ukraine_Voronoi.png */,
			);
			path = Images;
			sourceTree = "<group>";
		};
/* End PBXGroup section */

/* Begin PBXNativeTarget section */
		4502A9F32490A83800DE0674 /* Delaunator */ = {
			isa = PBXNativeTarget;
			buildConfigurationList = 4502AA082490A83A00DE0674 /* Build configuration list for PBXNativeTarget "Delaunator" */;
			buildPhases = (
				4502A9F02490A83800DE0674 /* Sources */,
				4502A9F12490A83800DE0674 /* Frameworks */,
				4502A9F22490A83800DE0674 /* Resources */,
			);
			buildRules = (
			);
			dependencies = (
			);
			name = Delaunator;
			productName = Delaunator;
			productReference = 4502A9F42490A83800DE0674 /* Delaunator.app */;
			productType = "com.apple.product-type.application";
		};
/* End PBXNativeTarget section */

/* Begin PBXProject section */
		4502A9EC2490A83800DE0674 /* Project object */ = {
			isa = PBXProject;
			attributes = {
				LastSwiftUpdateCheck = 1140;
				LastUpgradeCheck = 1140;
				ORGANIZATIONNAME = "Z Cha";
				TargetAttributes = {
					4502A9F32490A83800DE0674 = {
						CreatedOnToolsVersion = 11.4.1;
					};
				};
			};
			buildConfigurationList = 4502A9EF2490A83800DE0674 /* Build configuration list for PBXProject "Delaunator" */;
			compatibilityVersion = "Xcode 9.3";
			developmentRegion = en;
			hasScannedForEncodings = 0;
			knownRegions = (
				en,
				Base,
			);
			mainGroup = 4502A9EB2490A83800DE0674;
			productRefGroup = 4502A9F52490A83800DE0674 /* Products */;
			projectDirPath = "";
			projectRoot = "";
			targets = (
				4502A9F32490A83800DE0674 /* Delaunator */,
			);
		};
/* End PBXProject section */

/* Begin PBXResourcesBuildPhase section */
		4502A9F22490A83800DE0674 /* Resources */ = {
			isa = PBXResourcesBuildPhase;
			buildActionMask = 2147483647;
			files = (
				4502AA042490A83A00DE0674 /* LaunchScreen.storyboard in Resources */,
				4502AA2F2490A95900DE0674 /* triangleData.json in Resources */,
				4502AA422490AF5300DE0674 /* issue43.jpg in Resources */,
				4502AA4F249218B600DE0674 /* Ukraine_Voronoi.png in Resources */,
				4502AA2E2490A95900DE0674 /* zoneData.json in Resources */,
				4502AA4A2492180700DE0674 /* README.md in Resources */,
				4502AA412490AF5300DE0674 /* issue13.jpg in Resources */,
				4502AA50249218B600DE0674 /* Ukraine_Delaunay.png in Resources */,
				4502AA012490A83A00DE0674 /* Preview Assets.xcassets in Resources */,
				4502AA492492180700DE0674 /* LICENSE in Resources */,
				4502AA452490AF5300DE0674 /* issue24.jpg in Resources */,
				4502AA432490AF5300DE0674 /* defaultDelaunay.jpg in Resources */,
				4502AA2C2490A95900DE0674 /* ukraine.jpg in Resources */,
				4502A9FE2490A83A00DE0674 /* Assets.xcassets in Resources */,
				4502AA442490AF5300DE0674 /* issue11.jpg in Resources */,
			);
			runOnlyForDeploymentPostprocessing = 0;
		};
/* End PBXResourcesBuildPhase section */

/* Begin PBXSourcesBuildPhase section */
		4502A9F02490A83800DE0674 /* Sources */ = {
			isa = PBXSourcesBuildPhase;
			buildActionMask = 2147483647;
			files = (
				4502AA122490A8F100DE0674 /* Delaunator.swift in Sources */,
				4502A9F82490A83800DE0674 /* AppDelegate.swift in Sources */,
				4502AA132490A8F100DE0674 /* Zone.swift in Sources */,
				4502AA202490A91500DE0674 /* ShowVoronoi.swift in Sources */,
				4502AA1E2490A91500DE0674 /* UserData.swift in Sources */,
				4502AA212490A91500DE0674 /* CircleImage.swift in Sources */,
				4502AA1C2490A91500DE0674 /* ShowEdges.swift in Sources */,
				4502A9FA2490A83800DE0674 /* SceneDelegate.swift in Sources */,
				4502AA232490A91500DE0674 /* ZoneList.swift in Sources */,
				4502AA102490A8F100DE0674 /* Data.swift in Sources */,
				4502AA1F2490A91500DE0674 /* ZoneRow.swift in Sources */,
				4502AA222490A91500DE0674 /* ZoneDetail.swift in Sources */,
			);
			runOnlyForDeploymentPostprocessing = 0;
		};
/* End PBXSourcesBuildPhase section */

/* Begin PBXVariantGroup section */
		4502AA022490A83A00DE0674 /* LaunchScreen.storyboard */ = {
			isa = PBXVariantGroup;
			children = (
				4502AA032490A83A00DE0674 /* Base */,
			);
			name = LaunchScreen.storyboard;
			sourceTree = "<group>";
		};
/* End PBXVariantGroup section */

/* Begin XCBuildConfiguration section */
		4502AA062490A83A00DE0674 /* Debug */ = {
			isa = XCBuildConfiguration;
			buildSettings = {
				ALWAYS_SEARCH_USER_PATHS = NO;
				CLANG_ANALYZER_NONNULL = YES;
				CLANG_ANALYZER_NUMBER_OBJECT_CONVERSION = YES_AGGRESSIVE;
				CLANG_CXX_LANGUAGE_STANDARD = "gnu++14";
				CLANG_CXX_LIBRARY = "libc++";
				CLANG_ENABLE_MODULES = YES;
				CLANG_ENABLE_OBJC_ARC = YES;
				CLANG_ENABLE_OBJC_WEAK = YES;
				CLANG_WARN_BLOCK_CAPTURE_AUTORELEASING = YES;
				CLANG_WARN_BOOL_CONVERSION = YES;
				CLANG_WARN_COMMA = YES;
				CLANG_WARN_CONSTANT_CONVERSION = YES;
				CLANG_WARN_DEPRECATED_OBJC_IMPLEMENTATIONS = YES;
				CLANG_WARN_DIRECT_OBJC_ISA_USAGE = YES_ERROR;
				CLANG_WARN_DOCUMENTATION_COMMENTS = YES;
				CLANG_WARN_EMPTY_BODY = YES;
				CLANG_WARN_ENUM_CONVERSION = YES;
				CLANG_WARN_INFINITE_RECURSION = YES;
				CLANG_WARN_INT_CONVERSION = YES;
				CLANG_WARN_NON_LITERAL_NULL_CONVERSION = YES;
				CLANG_WARN_OBJC_IMPLICIT_RETAIN_SELF = YES;
				CLANG_WARN_OBJC_LITERAL_CONVERSION = YES;
				CLANG_WARN_OBJC_ROOT_CLASS = YES_ERROR;
				CLANG_WARN_RANGE_LOOP_ANALYSIS = YES;
				CLANG_WARN_STRICT_PROTOTYPES = YES;
				CLANG_WARN_SUSPICIOUS_MOVE = YES;
				CLANG_WARN_UNGUARDED_AVAILABILITY = YES_AGGRESSIVE;
				CLANG_WARN_UNREACHABLE_CODE = YES;
				CLANG_WARN__DUPLICATE_METHOD_MATCH = YES;
				COPY_PHASE_STRIP = NO;
				DEBUG_INFORMATION_FORMAT = dwarf;
				ENABLE_STRICT_OBJC_MSGSEND = YES;
				ENABLE_TESTABILITY = YES;
				GCC_C_LANGUAGE_STANDARD = gnu11;
				GCC_DYNAMIC_NO_PIC = NO;
				GCC_NO_COMMON_BLOCKS = YES;
				GCC_OPTIMIZATION_LEVEL = 0;
				GCC_PREPROCESSOR_DEFINITIONS = (
					"DEBUG=1",
					"$(inherited)",
				);
				GCC_WARN_64_TO_32_BIT_CONVERSION = YES;
				GCC_WARN_ABOUT_RETURN_TYPE = YES_ERROR;
				GCC_WARN_UNDECLARED_SELECTOR = YES;
				GCC_WARN_UNINITIALIZED_AUTOS = YES_AGGRESSIVE;
				GCC_WARN_UNUSED_FUNCTION = YES;
				GCC_WARN_UNUSED_VARIABLE = YES;
				IPHONEOS_DEPLOYMENT_TARGET = 13.4;
				MTL_ENABLE_DEBUG_INFO = INCLUDE_SOURCE;
				MTL_FAST_MATH = YES;
				ONLY_ACTIVE_ARCH = YES;
				SDKROOT = iphoneos;
				SWIFT_ACTIVE_COMPILATION_CONDITIONS = DEBUG;
				SWIFT_OPTIMIZATION_LEVEL = "-Onone";
			};
			name = Debug;
		};
		4502AA072490A83A00DE0674 /* Release */ = {
			isa = XCBuildConfiguration;
			buildSettings = {
				ALWAYS_SEARCH_USER_PATHS = NO;
				CLANG_ANALYZER_NONNULL = YES;
				CLANG_ANALYZER_NUMBER_OBJECT_CONVERSION = YES_AGGRESSIVE;
				CLANG_CXX_LANGUAGE_STANDARD = "gnu++14";
				CLANG_CXX_LIBRARY = "libc++";
				CLANG_ENABLE_MODULES = YES;
				CLANG_ENABLE_OBJC_ARC = YES;
				CLANG_ENABLE_OBJC_WEAK = YES;
				CLANG_WARN_BLOCK_CAPTURE_AUTORELEASING = YES;
				CLANG_WARN_BOOL_CONVERSION = YES;
				CLANG_WARN_COMMA = YES;
				CLANG_WARN_CONSTANT_CONVERSION = YES;
				CLANG_WARN_DEPRECATED_OBJC_IMPLEMENTATIONS = YES;
				CLANG_WARN_DIRECT_OBJC_ISA_USAGE = YES_ERROR;
				CLANG_WARN_DOCUMENTATION_COMMENTS = YES;
				CLANG_WARN_EMPTY_BODY = YES;
				CLANG_WARN_ENUM_CONVERSION = YES;
				CLANG_WARN_INFINITE_RECURSION = YES;
				CLANG_WARN_INT_CONVERSION = YES;
				CLANG_WARN_NON_LITERAL_NULL_CONVERSION = YES;
				CLANG_WARN_OBJC_IMPLICIT_RETAIN_SELF = YES;
				CLANG_WARN_OBJC_LITERAL_CONVERSION = YES;
				CLANG_WARN_OBJC_ROOT_CLASS = YES_ERROR;
				CLANG_WARN_RANGE_LOOP_ANALYSIS = YES;
				CLANG_WARN_STRICT_PROTOTYPES = YES;
				CLANG_WARN_SUSPICIOUS_MOVE = YES;
				CLANG_WARN_UNGUARDED_AVAILABILITY = YES_AGGRESSIVE;
				CLANG_WARN_UNREACHABLE_CODE = YES;
				CLANG_WARN__DUPLICATE_METHOD_MATCH = YES;
				COPY_PHASE_STRIP = NO;
				DEBUG_INFORMATION_FORMAT = "dwarf-with-dsym";
				ENABLE_NS_ASSERTIONS = NO;
				ENABLE_STRICT_OBJC_MSGSEND = YES;
				GCC_C_LANGUAGE_STANDARD = gnu11;
				GCC_NO_COMMON_BLOCKS = YES;
				GCC_WARN_64_TO_32_BIT_CONVERSION = YES;
				GCC_WARN_ABOUT_RETURN_TYPE = YES_ERROR;
				GCC_WARN_UNDECLARED_SELECTOR = YES;
				GCC_WARN_UNINITIALIZED_AUTOS = YES_AGGRESSIVE;
				GCC_WARN_UNUSED_FUNCTION = YES;
				GCC_WARN_UNUSED_VARIABLE = YES;
				IPHONEOS_DEPLOYMENT_TARGET = 13.4;
				MTL_ENABLE_DEBUG_INFO = NO;
				MTL_FAST_MATH = YES;
				SDKROOT = iphoneos;
				SWIFT_COMPILATION_MODE = wholemodule;
				SWIFT_OPTIMIZATION_LEVEL = "-O";
				VALIDATE_PRODUCT = YES;
			};
			name = Release;
		};
		4502AA092490A83A00DE0674 /* Debug */ = {
			isa = XCBuildConfiguration;
			buildSettings = {
				ASSETCATALOG_COMPILER_APPICON_NAME = AppIcon;
				CODE_SIGN_ENTITLEMENTS = Delaunator/Delaunator.entitlements;
				"CODE_SIGN_IDENTITY[sdk=macosx*]" = "-";
				CODE_SIGN_STYLE = Manual;
				DEVELOPMENT_ASSET_PATHS = "\"Delaunator/Preview Content\"";
				DEVELOPMENT_TEAM = "";
				ENABLE_PREVIEWS = YES;
				INFOPLIST_FILE = Delaunator/Info.plist;
				LD_RUNPATH_SEARCH_PATHS = (
					"$(inherited)",
					"@executable_path/Frameworks",
				);
				PRODUCT_BUNDLE_IDENTIFIER = com.whitehurst.Delaunator;
				PRODUCT_NAME = "$(TARGET_NAME)";
				PROVISIONING_PROFILE_SPECIFIER = "";
				"PROVISIONING_PROFILE_SPECIFIER[sdk=macosx*]" = "";
				SUPPORTS_MACCATALYST = YES;
				SWIFT_VERSION = 5.0;
				TARGETED_DEVICE_FAMILY = "1,2";
			};
			name = Debug;
		};
		4502AA0A2490A83A00DE0674 /* Release */ = {
			isa = XCBuildConfiguration;
			buildSettings = {
				ASSETCATALOG_COMPILER_APPICON_NAME = AppIcon;
				CODE_SIGN_ENTITLEMENTS = Delaunator/Delaunator.entitlements;
				"CODE_SIGN_IDENTITY[sdk=macosx*]" = "-";
				CODE_SIGN_STYLE = Manual;
				DEVELOPMENT_ASSET_PATHS = "\"Delaunator/Preview Content\"";
				DEVELOPMENT_TEAM = "";
				ENABLE_PREVIEWS = YES;
				INFOPLIST_FILE = Delaunator/Info.plist;
				LD_RUNPATH_SEARCH_PATHS = (
					"$(inherited)",
					"@executable_path/Frameworks",
				);
				PRODUCT_BUNDLE_IDENTIFIER = com.whitehurst.Delaunator;
				PRODUCT_NAME = "$(TARGET_NAME)";
				PROVISIONING_PROFILE_SPECIFIER = "";
				"PROVISIONING_PROFILE_SPECIFIER[sdk=macosx*]" = "";
				SUPPORTS_MACCATALYST = YES;
				SWIFT_VERSION = 5.0;
				TARGETED_DEVICE_FAMILY = "1,2";
			};
			name = Release;
		};
/* End XCBuildConfiguration section */

/* Begin XCConfigurationList section */
		4502A9EF2490A83800DE0674 /* Build configuration list for PBXProject "Delaunator" */ = {
			isa = XCConfigurationList;
			buildConfigurations = (
				4502AA062490A83A00DE0674 /* Debug */,
				4502AA072490A83A00DE0674 /* Release */,
			);
			defaultConfigurationIsVisible = 0;
			defaultConfigurationName = Release;
		};
		4502AA082490A83A00DE0674 /* Build configuration list for PBXNativeTarget "Delaunator" */ = {
			isa = XCConfigurationList;
			buildConfigurations = (
				4502AA092490A83A00DE0674 /* Debug */,
				4502AA0A2490A83A00DE0674 /* Release */,
			);
			defaultConfigurationIsVisible = 0;
			defaultConfigurationName = Release;
		};
/* End XCConfigurationList section */
	};
	rootObject = 4502A9EC2490A83800DE0674 /* Project object */;
}
